
Microsoft Visual Studio Solution File, Format Version 12.00
# Visual Studio Version 17
VisualStudioVersion = 17.6.33829.357
MinimumVisualStudioVersion = 10.0.40219.1
Project("{9092AA53-FB77-4645-B42D-1CCCA6BD08BD}") = "NODE_TodoListAPI", "NODE_TodoListAPI\NODE_TodoListAPI.njsproj", "{2639C67D-A1A1-474E-8772-35376D73B8CC}"
EndProject
Global
	GlobalSection(SolutionConfigurationPlatforms) = preSolution
		Debug|Any CPU = Debug|Any CPU
		Release|Any CPU = Release|Any CPU
	EndGlobalSection
	GlobalSection(ProjectConfigurationPlatforms) = postSolution
		{2639C67D-A1A1-474E-8772-35376D73B8CC}.Debug|Any CPU.ActiveCfg = Debug|Any CPU
		{2639C67D-A1A1-474E-8772-35376D73B8CC}.Debug|Any CPU.Build.0 = Debug|Any CPU
		{2639C67D-A1A1-474E-8772-35376D73B8CC}.Release|Any CPU.ActiveCfg = Release|Any CPU
		{2639C67D-A1A1-474E-8772-35376D73B8CC}.Release|Any CPU.Build.0 = Release|Any CPU
	EndGlobalSection
	GlobalSection(SolutionProperties) = preSolution
		HideSolutionNode = FALSE
	EndGlobalSection
	GlobalSection(ExtensibilityGlobals) = postSolution
		SolutionGuid = {D444EC32-0287-4673-9A7F-1663F7C27910}
	EndGlobalSection
EndGlobal
